<?xml version="1.0" encoding="utf-8"?>
<Project ToolsVersion="4.0" xmlns="http://schemas.microsoft.com/developer/msbuild/2003">
  <Import Project="LVGL.Core.vcxitems.filters" />
  <Import Project="LVGL.Demonstrations.vcxitems.filters" />
  <ItemGroup>
    <ClInclude Include="lv_demo_conf.h" />
    <ClInclude Include="assert.h" />
    <ClInclude Include="intrin.h" />
  </ItemGroup>
  <ItemGroup>
    <ClInclude Include="lv_conf.h" />
    <ClInclude Include="stdio.h" />
    <ClInclude Include="stdlib.h" />
    <ClInclude Include="string.h" />
  </ItemGroup>
  <ItemGroup>
    <ClCompile Include="mouse_cursor_icon.c" />
  </ItemGroup>
  <ItemGroup>
    <ClInclude Include="Mile.Project.Properties.h" />
  </ItemGroup>
  <ItemGroup>
    <ClCompile Include="Mile.Uefi.Playground.cpp" />
  </ItemGroup>
  <ItemGroup>
    <None Include="LVGL.Core.vcxitems" />
    <None Include="LVGL.Core.vcxitems.filters" />
    <None Include="LVGL.Demonstrations.vcxitems" />
    <None Include="LVGL.Demonstrations.vcxitems.filters" />
  </ItemGroup>
</Project>